
Microsoft Visual Studio Solution File, Format Version 12.00
# Visual Studio Version 16
VisualStudioVersion = 16.0.29905.134
MinimumVisualStudioVersion = 10.0.40219.1
Project("{FAE04EC0-301F-11D3-BF4B-00C04F79EFBC}") = "TestWebApp", "TestWebApp\TestWebApp.csproj", "{F95E6A2D-B426-430C-8AFC-2B159BFC5693}"
EndProject
Global
	GlobalSection(SolutionConfigurationPlatforms) = preSolution
		Debug|Any CPU = Debug|Any CPU
		Release|Any CPU = Release|Any CPU
	EndGlobalSection
	GlobalSection(ProjectConfigurationPlatforms) = postSolution
		{F95E6A2D-B426-430C-8AFC-2B159BFC5693}.Debug|Any CPU.ActiveCfg = Debug|Any CPU
		{F95E6A2D-B426-430C-8AFC-2B159BFC5693}.Debug|Any CPU.Build.0 = Debug|Any CPU
		{F95E6A2D-B426-430C-8AFC-2B159BFC5693}.Release|Any CPU.ActiveCfg = Release|Any CPU
		{F95E6A2D-B426-430C-8AFC-2B159BFC5693}.Release|Any CPU.Build.0 = Release|Any CPU
	EndGlobalSection
	GlobalSection(SolutionProperties) = preSolution
		HideSolutionNode = FALSE
	EndGlobalSection
	GlobalSection(ExtensibilityGlobals) = postSolution
		SolutionGuid = {95B9B2A3-F9DC-4374-93FF-8A6F2ACE1090}
	EndGlobalSection
EndGlobal
